
Microsoft Visual Studio Solution File, Format Version 12.00
# Visual Studio Version 16
VisualStudioVersion = 16.0.28803.352
MinimumVisualStudioVersion = 10.0.40219.1
Project("{8BC9CEB8-8B4A-11D0-8D11-00A0C91BC942}") = "4MoriEngine", "4MoriEngine\4MoriEngine.vcxproj", "{9A9AB8A9-F96B-40B5-AFF4-A4E8F6DA05F0}"
EndProject
Global
	GlobalSection(SolutionConfigurationPlatforms) = preSolution
		Debug|x64 = Debug|x64
		Debug|x86 = Debug|x86
		Release|x64 = Release|x64
		Release|x86 = Release|x86
	EndGlobalSection
	GlobalSection(ProjectConfigurationPlatforms) = postSolution
		{9A9AB8A9-F96B-40B5-AFF4-A4E8F6DA05F0}.Debug|x64.ActiveCfg = Debug|x64
		{9A9AB8A9-F96B-40B5-AFF4-A4E8F6DA05F0}.Debug|x64.Build.0 = Debug|x64
		{9A9AB8A9-F96B-40B5-AFF4-A4E8F6DA05F0}.Debug|x86.ActiveCfg = Debug|Win32
		{9A9AB8A9-F96B-40B5-AFF4-A4E8F6DA05F0}.Debug|x86.Build.0 = Debug|Win32
		{9A9AB8A9-F96B-40B5-AFF4-A4E8F6DA05F0}.Release|x64.ActiveCfg = Release|x64
		{9A9AB8A9-F96B-40B5-AFF4-A4E8F6DA05F0}.Release|x64.Build.0 = Release|x64
		{9A9AB8A9-F96B-40B5-AFF4-A4E8F6DA05F0}.Release|x86.ActiveCfg = Release|Win32
		{9A9AB8A9-F96B-40B5-AFF4-A4E8F6DA05F0}.Release|x86.Build.0 = Release|Win32
	EndGlobalSection
	GlobalSection(SolutionProperties) = preSolution
		HideSolutionNode = FALSE
	EndGlobalSection
	GlobalSection(ExtensibilityGlobals) = postSolution
		SolutionGuid = {759DDE5F-AF58-439A-9642-3674F657DAEC}
	EndGlobalSection
EndGlobal
